<?xml version="1.0" encoding="utf-8"?>
<Project ToolsVersion="4.0" xmlns="http://schemas.microsoft.com/developer/msbuild/2003">
  <ItemGroup>
    <Filter Include="win32">
      <UniqueIdentifier>{789FEF16-EFE7-512E-F91B-DF7E0D72FB79}</UniqueIdentifier>
    </Filter>
  </ItemGroup>
  <ItemGroup>
    <ClInclude Include="..\..\util\mouse.h"/>
    <ClInclude Include="..\..\util\shared_utils.h"/>
    <ClInclude Include="..\..\util\Timer.h"/>
    <ClInclude Include="..\..\util\EGLWindow.h"/>
    <ClInclude Include="..\..\util\path_utils.h"/>
    <None Include="..\..\util\util.gyp"/>
    <ClInclude Include="..\..\util\shader_utils.h"/>
    <ClCompile Include="..\..\util\shader_utils.cpp"/>
    <ClInclude Include="..\..\util\OSWindow.h"/>
    <ClCompile Include="..\..\util\OSWindow.cpp"/>
    <ClInclude Include="..\..\util\keyboard.h"/>
    <ClCompile Include="..\..\util\EGLWindow.cpp"/>
    <ClInclude Include="..\..\util\Event.h"/>
    <ClCompile Include="..\..\util\win32\Win32_path_utils.cpp">
      <Filter>win32</Filter>
    </ClCompile>
    <ClCompile Include="..\..\util\win32\Win32Window.cpp">
      <Filter>win32</Filter>
    </ClCompile>
    <ClCompile Include="..\..\util\win32\Win32Timer.cpp">
      <Filter>win32</Filter>
    </ClCompile>
    <ClInclude Include="..\..\util\win32\Win32Window.h">
      <Filter>win32</Filter>
    </ClInclude>
    <ClInclude Include="..\..\util\win32\Win32Timer.h">
      <Filter>win32</Filter>
    </ClInclude>
  </ItemGroup>
</Project>
