<?xml version="1.0" encoding="utf-8"?>
<Project ToolsVersion="4.0" xmlns="http://schemas.microsoft.com/developer/msbuild/2003">
  <ItemGroup>
    <Filter Include="gles2_book">
      <UniqueIdentifier>{01DCD872-C931-E1FA-4F9F-EBFA79587BB6}</UniqueIdentifier>
    </Filter>
    <Filter Include="gles2_book\ParticleSystem">
      <UniqueIdentifier>{05979F6F-F708-2C87-17F3-3B3AA4892DDF}</UniqueIdentifier>
    </Filter>
  </ItemGroup>
  <ItemGroup>
    <None Include="samples.gyp"/>
    <ClCompile Include="gles2_book\ParticleSystem\ParticleSystem.c">
      <Filter>gles2_book\ParticleSystem</Filter>
    </ClCompile>
    <None Include="gles2_book\ParticleSystem\smoke.tga">
      <Filter>gles2_book\ParticleSystem</Filter>
    </None>
  </ItemGroup>
</Project>
