<?xml version="1.0" encoding="utf-8"?>
<Project ToolsVersion="4.0" xmlns="http://schemas.microsoft.com/developer/msbuild/2003">
  <ItemGroup>
    <Filter Include="gles2_book">
      <UniqueIdentifier>{01DCD872-C931-E1FA-4F9F-EBFA79587BB6}</UniqueIdentifier>
    </Filter>
    <Filter Include="gles2_book\Simple_VertexShader">
      <UniqueIdentifier>{13D4600F-2070-2CFD-75DC-23AE9927F5C9}</UniqueIdentifier>
    </Filter>
  </ItemGroup>
  <ItemGroup>
    <None Include="samples.gyp"/>
    <ClCompile Include="gles2_book\Simple_VertexShader\Simple_VertexShader.c">
      <Filter>gles2_book\Simple_VertexShader</Filter>
    </ClCompile>
  </ItemGroup>
</Project>
