<?xml version="1.0" encoding="utf-8"?>
<Project ToolsVersion="4.0" xmlns="http://schemas.microsoft.com/developer/msbuild/2003">
  <ItemGroup>
    <Filter Include="gles2_book">
      <UniqueIdentifier>{01DCD872-C931-E1FA-4F9F-EBFA79587BB6}</UniqueIdentifier>
    </Filter>
    <Filter Include="gles2_book\Stencil_Test">
      <UniqueIdentifier>{2D7B8D12-C3D0-2175-2129-3AE9CF950A5E}</UniqueIdentifier>
    </Filter>
  </ItemGroup>
  <ItemGroup>
    <None Include="samples.gyp"/>
    <ClCompile Include="gles2_book\Stencil_Test\Stencil_Test.c">
      <Filter>gles2_book\Stencil_Test</Filter>
    </ClCompile>
  </ItemGroup>
</Project>
