{
	"lucicfg": "1.46.2",
	"packages": [
		{
			"name": "@angle-project",
			"deps": [
				"@chromium-luci",
				"@chromium-targets"
			],
			"lucicfg": "1.45.8",
			"entrypoints": [
				"main.star"
			]
		},
		{
			"name": "@chromium-luci",
			"source": {
				"repo": "https://chromium.googlesource.com/infra/chromium/+/refs/heads/main",
				"revision": "82276c51a10e5c232c2259e914b3d69a7525df63",
				"path": "starlark-libs/chromium-luci"
			},
			"lucicfg": "1.46.1"
		},
		{
			"name": "@chromium-targets",
			"source": {
				"repo": "https://chromium.googlesource.com/chromium/src/+/refs/heads/main",
				"revision": "c14e16093c01b01b6044c6ac1c3341818f9ac8fa",
				"path": "infra/config/targets"
			},
			"deps": [
				"@chromium-luci"
			],
			"lucicfg": "1.46.1"
		}
	]
}
