{
	"lucicfg": "1.46.7",
	"packages": [
		{
			"name": "@angle-project",
			"deps": [
				"@chromium-luci",
				"@chromium-targets"
			],
			"lucicfg": "1.45.8",
			"entrypoints": [
				"main.star"
			]
		},
		{
			"name": "@chromium-luci",
			"source": {
				"repo": "https://chromium.googlesource.com/infra/chromium/+/refs/heads/main",
				"revision": "3c067cfcf061330718cee8a4c74d9cd7232595c6",
				"path": "starlark-libs/chromium-luci"
			},
			"lucicfg": "1.46.1"
		},
		{
			"name": "@chromium-targets",
			"source": {
				"repo": "https://chromium.googlesource.com/chromium/src/+/refs/heads/main",
				"revision": "32586b65db724faa90b1ba1ceefc48423820a7ff",
				"path": "infra/config/targets"
			},
			"deps": [
				"@chromium-luci"
			],
			"lucicfg": "1.46.1"
		}
	]
}
