<?xml version="1.0" encoding="utf-8"?>
<Project ToolsVersion="4.0" xmlns="http://schemas.microsoft.com/developer/msbuild/2003">
  <ItemGroup>
    <Filter Include="angle">
      <UniqueIdentifier>{2039F76D-4C9A-B8A0-444A-4766C6F6104A}</UniqueIdentifier>
    </Filter>
    <Filter Include="angle\multi_texture">
      <UniqueIdentifier>{7EDA6A50-7444-2574-045E-767D27689CC9}</UniqueIdentifier>
    </Filter>
    <Filter Include="angle">
      <UniqueIdentifier>{2039F76D-4C9A-B8A0-444A-4766C6F6104A}</UniqueIdentifier>
    </Filter>
    <Filter Include="angle\multi_texture">
      <UniqueIdentifier>{7EDA6A50-7444-2574-045E-767D27689CC9}</UniqueIdentifier>
    </Filter>
    <Filter Include="angle">
      <UniqueIdentifier>{2039F76D-4C9A-B8A0-444A-4766C6F6104A}</UniqueIdentifier>
    </Filter>
    <Filter Include="angle\multi_texture">
      <UniqueIdentifier>{7EDA6A50-7444-2574-045E-767D27689CC9}</UniqueIdentifier>
    </Filter>
  </ItemGroup>
  <ItemGroup>
    <ClCompile Include="..\..\samples\angle\multi_texture\MultiTexture.cpp">
      <Filter>angle\multi_texture</Filter>
    </ClCompile>
    <None Include="..\..\samples\samples.gyp"/>
    <None Include="..\..\samples\angle\multi_texture\basemap.tga">
      <Filter>angle\multi_texture</Filter>
    </None>
    <None Include="..\..\samples\angle\multi_texture\lightmap.tga">
      <Filter>angle\multi_texture</Filter>
    </None>
  </ItemGroup>
</Project>
