<?xml version="1.0" encoding="utf-8"?>
<Project ToolsVersion="4.0" xmlns="http://schemas.microsoft.com/developer/msbuild/2003">
  <ItemGroup>
    <Filter Include="angle">
      <UniqueIdentifier>{2039F76D-4C9A-B8A0-444A-4766C6F6104A}</UniqueIdentifier>
    </Filter>
    <Filter Include="angle\simple_vertex_shader">
      <UniqueIdentifier>{B50155D0-892A-4C65-4754-9C5D58289F2E}</UniqueIdentifier>
    </Filter>
  </ItemGroup>
  <ItemGroup>
    <ClCompile Include="..\..\samples\angle\simple_vertex_shader\SimpleVertexShader.cpp">
      <Filter>angle\simple_vertex_shader</Filter>
    </ClCompile>
    <None Include="..\..\samples\samples.gyp"/>
  </ItemGroup>
</Project>
