Microsoft Visual Studio Solution File, Format Version 13.00
# Visual Studio 2013
Project("{8BC9CEB8-8B4A-11D0-8D11-00A0C91BC942}") = "commit_id", "commit_id.vcxproj", "{3B7F5656-177F-52EE-26B3-D6A75368D0A9}"
EndProject
Project("{8BC9CEB8-8B4A-11D0-8D11-00A0C91BC942}") = "copy_compiler_dll", "copy_compiler_dll.vcxproj", "{22DC02D5-1598-943C-13E1-82185B469F81}"
	ProjectSection(ProjectDependencies) = postProject
		{63FB0B97-D1D9-5158-8E85-7F5B1E403817} = {63FB0B97-D1D9-5158-8E85-7F5B1E403817}
	EndProjectSection
EndProject
Project("{8BC9CEB8-8B4A-11D0-8D11-00A0C91BC942}") = "copy_scripts", "copy_scripts.vcxproj", "{63FB0B97-D1D9-5158-8E85-7F5B1E403817}"
EndProject
Project("{8BC9CEB8-8B4A-11D0-8D11-00A0C91BC942}") = "libANGLE", "libANGLE.vcxproj", "{CAAA04EE-A56A-43FB-D011-1A56053C070C}"
	ProjectSection(ProjectDependencies) = postProject
		{3B7F5656-177F-52EE-26B3-D6A75368D0A9} = {3B7F5656-177F-52EE-26B3-D6A75368D0A9}
		{22DC02D5-1598-943C-13E1-82185B469F81} = {22DC02D5-1598-943C-13E1-82185B469F81}
	EndProjectSection
EndProject
Project("{8BC9CEB8-8B4A-11D0-8D11-00A0C91BC942}") = "libEGL", "libEGL.vcxproj", "{FBAEE4F6-562A-588F-01F9-72DCABB3B061}"
	ProjectSection(ProjectDependencies) = postProject
		{7FBD6F69-B9A4-69F1-A12B-8DACB3F8CD81} = {7FBD6F69-B9A4-69F1-A12B-8DACB3F8CD81}
		{3B7F5656-177F-52EE-26B3-D6A75368D0A9} = {3B7F5656-177F-52EE-26B3-D6A75368D0A9}
	EndProjectSection
EndProject
Project("{8BC9CEB8-8B4A-11D0-8D11-00A0C91BC942}") = "libGLESv2", "libGLESv2.vcxproj", "{7FBD6F69-B9A4-69F1-A12B-8DACB3F8CD81}"
	ProjectSection(ProjectDependencies) = postProject
		{CAAA04EE-A56A-43FB-D011-1A56053C070C} = {CAAA04EE-A56A-43FB-D011-1A56053C070C}
		{C15697F6-5057-016E-BD29-422971875679} = {C15697F6-5057-016E-BD29-422971875679}
		{276D20F5-2943-414C-0FF6-21F4723A5CF6} = {276D20F5-2943-414C-0FF6-21F4723A5CF6}
		{C7BAF548-697D-2DCB-9DF3-9D1506A7B444} = {C7BAF548-697D-2DCB-9DF3-9D1506A7B444}
		{3B7F5656-177F-52EE-26B3-D6A75368D0A9} = {3B7F5656-177F-52EE-26B3-D6A75368D0A9}
		{22DC02D5-1598-943C-13E1-82185B469F81} = {22DC02D5-1598-943C-13E1-82185B469F81}
		{63FB0B97-D1D9-5158-8E85-7F5B1E403817} = {63FB0B97-D1D9-5158-8E85-7F5B1E403817}
	EndProjectSection
EndProject
Project("{8BC9CEB8-8B4A-11D0-8D11-00A0C91BC942}") = "libGLESv2_static", "libGLESv2_static.vcxproj", "{F8ABD31A-EC2F-A211-D514-076C763B69F9}"
	ProjectSection(ProjectDependencies) = postProject
		{3B7F5656-177F-52EE-26B3-D6A75368D0A9} = {3B7F5656-177F-52EE-26B3-D6A75368D0A9}
	EndProjectSection
EndProject
Project("{8BC9CEB8-8B4A-11D0-8D11-00A0C91BC942}") = "preprocessor", "preprocessor.vcxproj", "{C7BAF548-697D-2DCB-9DF3-9D1506A7B444}"
EndProject
Project("{8BC9CEB8-8B4A-11D0-8D11-00A0C91BC942}") = "translator", "translator.vcxproj", "{C15697F6-5057-016E-BD29-422971875679}"
EndProject
Project("{8BC9CEB8-8B4A-11D0-8D11-00A0C91BC942}") = "translator_lib", "translator_lib.vcxproj", "{276D20F5-2943-414C-0FF6-21F4723A5CF6}"
EndProject
Project("{8BC9CEB8-8B4A-11D0-8D11-00A0C91BC942}") = "translator_static", "translator_static.vcxproj", "{19386E01-D811-FA3B-9F1E-122BB0C0E9F5}"
EndProject
Global
	GlobalSection(SolutionConfigurationPlatforms) = preSolution
		Debug|x64 = Debug|x64
		Debug|Win32 = Debug|Win32
		Release|x64 = Release|x64
		Release|Win32 = Release|Win32
	EndGlobalSection
	GlobalSection(ProjectConfigurationPlatforms) = postSolution
		{19386E01-D811-FA3B-9F1E-122BB0C0E9F5}.Debug|x64.ActiveCfg = Debug|x64
		{19386E01-D811-FA3B-9F1E-122BB0C0E9F5}.Debug|x64.Build.0 = Debug|x64
		{19386E01-D811-FA3B-9F1E-122BB0C0E9F5}.Debug|Win32.ActiveCfg = Debug|Win32
		{19386E01-D811-FA3B-9F1E-122BB0C0E9F5}.Debug|Win32.Build.0 = Debug|Win32
		{19386E01-D811-FA3B-9F1E-122BB0C0E9F5}.Release|x64.ActiveCfg = Release|x64
		{19386E01-D811-FA3B-9F1E-122BB0C0E9F5}.Release|x64.Build.0 = Release|x64
		{19386E01-D811-FA3B-9F1E-122BB0C0E9F5}.Release|Win32.ActiveCfg = Release|Win32
		{19386E01-D811-FA3B-9F1E-122BB0C0E9F5}.Release|Win32.Build.0 = Release|Win32
		{22DC02D5-1598-943C-13E1-82185B469F81}.Debug|x64.ActiveCfg = Debug|x64
		{22DC02D5-1598-943C-13E1-82185B469F81}.Debug|x64.Build.0 = Debug|x64
		{22DC02D5-1598-943C-13E1-82185B469F81}.Debug|Win32.ActiveCfg = Debug|Win32
		{22DC02D5-1598-943C-13E1-82185B469F81}.Debug|Win32.Build.0 = Debug|Win32
		{22DC02D5-1598-943C-13E1-82185B469F81}.Release|x64.ActiveCfg = Release|x64
		{22DC02D5-1598-943C-13E1-82185B469F81}.Release|x64.Build.0 = Release|x64
		{22DC02D5-1598-943C-13E1-82185B469F81}.Release|Win32.ActiveCfg = Release|Win32
		{22DC02D5-1598-943C-13E1-82185B469F81}.Release|Win32.Build.0 = Release|Win32
		{276D20F5-2943-414C-0FF6-21F4723A5CF6}.Debug|x64.ActiveCfg = Debug|x64
		{276D20F5-2943-414C-0FF6-21F4723A5CF6}.Debug|x64.Build.0 = Debug|x64
		{276D20F5-2943-414C-0FF6-21F4723A5CF6}.Debug|Win32.ActiveCfg = Debug|Win32
		{276D20F5-2943-414C-0FF6-21F4723A5CF6}.Debug|Win32.Build.0 = Debug|Win32
		{276D20F5-2943-414C-0FF6-21F4723A5CF6}.Release|x64.ActiveCfg = Release|x64
		{276D20F5-2943-414C-0FF6-21F4723A5CF6}.Release|x64.Build.0 = Release|x64
		{276D20F5-2943-414C-0FF6-21F4723A5CF6}.Release|Win32.ActiveCfg = Release|Win32
		{276D20F5-2943-414C-0FF6-21F4723A5CF6}.Release|Win32.Build.0 = Release|Win32
		{3B7F5656-177F-52EE-26B3-D6A75368D0A9}.Debug|x64.ActiveCfg = Debug|x64
		{3B7F5656-177F-52EE-26B3-D6A75368D0A9}.Debug|x64.Build.0 = Debug|x64
		{3B7F5656-177F-52EE-26B3-D6A75368D0A9}.Debug|Win32.ActiveCfg = Debug|Win32
		{3B7F5656-177F-52EE-26B3-D6A75368D0A9}.Debug|Win32.Build.0 = Debug|Win32
		{3B7F5656-177F-52EE-26B3-D6A75368D0A9}.Release|x64.ActiveCfg = Release|x64
		{3B7F5656-177F-52EE-26B3-D6A75368D0A9}.Release|x64.Build.0 = Release|x64
		{3B7F5656-177F-52EE-26B3-D6A75368D0A9}.Release|Win32.ActiveCfg = Release|Win32
		{3B7F5656-177F-52EE-26B3-D6A75368D0A9}.Release|Win32.Build.0 = Release|Win32
		{63FB0B97-D1D9-5158-8E85-7F5B1E403817}.Debug|x64.ActiveCfg = Debug|x64
		{63FB0B97-D1D9-5158-8E85-7F5B1E403817}.Debug|x64.Build.0 = Debug|x64
		{63FB0B97-D1D9-5158-8E85-7F5B1E403817}.Debug|Win32.ActiveCfg = Debug|Win32
		{63FB0B97-D1D9-5158-8E85-7F5B1E403817}.Debug|Win32.Build.0 = Debug|Win32
		{63FB0B97-D1D9-5158-8E85-7F5B1E403817}.Release|x64.ActiveCfg = Release|x64
		{63FB0B97-D1D9-5158-8E85-7F5B1E403817}.Release|x64.Build.0 = Release|x64
		{63FB0B97-D1D9-5158-8E85-7F5B1E403817}.Release|Win32.ActiveCfg = Release|Win32
		{63FB0B97-D1D9-5158-8E85-7F5B1E403817}.Release|Win32.Build.0 = Release|Win32
		{7FBD6F69-B9A4-69F1-A12B-8DACB3F8CD81}.Debug|x64.ActiveCfg = Debug|x64
		{7FBD6F69-B9A4-69F1-A12B-8DACB3F8CD81}.Debug|x64.Build.0 = Debug|x64
		{7FBD6F69-B9A4-69F1-A12B-8DACB3F8CD81}.Debug|Win32.ActiveCfg = Debug|Win32
		{7FBD6F69-B9A4-69F1-A12B-8DACB3F8CD81}.Debug|Win32.Build.0 = Debug|Win32
		{7FBD6F69-B9A4-69F1-A12B-8DACB3F8CD81}.Release|x64.ActiveCfg = Release|x64
		{7FBD6F69-B9A4-69F1-A12B-8DACB3F8CD81}.Release|x64.Build.0 = Release|x64
		{7FBD6F69-B9A4-69F1-A12B-8DACB3F8CD81}.Release|Win32.ActiveCfg = Release|Win32
		{7FBD6F69-B9A4-69F1-A12B-8DACB3F8CD81}.Release|Win32.Build.0 = Release|Win32
		{C15697F6-5057-016E-BD29-422971875679}.Debug|x64.ActiveCfg = Debug|x64
		{C15697F6-5057-016E-BD29-422971875679}.Debug|x64.Build.0 = Debug|x64
		{C15697F6-5057-016E-BD29-422971875679}.Debug|Win32.ActiveCfg = Debug|Win32
		{C15697F6-5057-016E-BD29-422971875679}.Debug|Win32.Build.0 = Debug|Win32
		{C15697F6-5057-016E-BD29-422971875679}.Release|x64.ActiveCfg = Release|x64
		{C15697F6-5057-016E-BD29-422971875679}.Release|x64.Build.0 = Release|x64
		{C15697F6-5057-016E-BD29-422971875679}.Release|Win32.ActiveCfg = Release|Win32
		{C15697F6-5057-016E-BD29-422971875679}.Release|Win32.Build.0 = Release|Win32
		{C7BAF548-697D-2DCB-9DF3-9D1506A7B444}.Debug|x64.ActiveCfg = Debug|x64
		{C7BAF548-697D-2DCB-9DF3-9D1506A7B444}.Debug|x64.Build.0 = Debug|x64
		{C7BAF548-697D-2DCB-9DF3-9D1506A7B444}.Debug|Win32.ActiveCfg = Debug|Win32
		{C7BAF548-697D-2DCB-9DF3-9D1506A7B444}.Debug|Win32.Build.0 = Debug|Win32
		{C7BAF548-697D-2DCB-9DF3-9D1506A7B444}.Release|x64.ActiveCfg = Release|x64
		{C7BAF548-697D-2DCB-9DF3-9D1506A7B444}.Release|x64.Build.0 = Release|x64
		{C7BAF548-697D-2DCB-9DF3-9D1506A7B444}.Release|Win32.ActiveCfg = Release|Win32
		{C7BAF548-697D-2DCB-9DF3-9D1506A7B444}.Release|Win32.Build.0 = Release|Win32
		{CAAA04EE-A56A-43FB-D011-1A56053C070C}.Debug|x64.ActiveCfg = Debug|x64
		{CAAA04EE-A56A-43FB-D011-1A56053C070C}.Debug|x64.Build.0 = Debug|x64
		{CAAA04EE-A56A-43FB-D011-1A56053C070C}.Debug|Win32.ActiveCfg = Debug|Win32
		{CAAA04EE-A56A-43FB-D011-1A56053C070C}.Debug|Win32.Build.0 = Debug|Win32
		{CAAA04EE-A56A-43FB-D011-1A56053C070C}.Release|x64.ActiveCfg = Release|x64
		{CAAA04EE-A56A-43FB-D011-1A56053C070C}.Release|x64.Build.0 = Release|x64
		{CAAA04EE-A56A-43FB-D011-1A56053C070C}.Release|Win32.ActiveCfg = Release|Win32
		{CAAA04EE-A56A-43FB-D011-1A56053C070C}.Release|Win32.Build.0 = Release|Win32
		{F8ABD31A-EC2F-A211-D514-076C763B69F9}.Debug|x64.ActiveCfg = Debug|x64
		{F8ABD31A-EC2F-A211-D514-076C763B69F9}.Debug|x64.Build.0 = Debug|x64
		{F8ABD31A-EC2F-A211-D514-076C763B69F9}.Debug|Win32.ActiveCfg = Debug|Win32
		{F8ABD31A-EC2F-A211-D514-076C763B69F9}.Debug|Win32.Build.0 = Debug|Win32
		{F8ABD31A-EC2F-A211-D514-076C763B69F9}.Release|x64.ActiveCfg = Release|x64
		{F8ABD31A-EC2F-A211-D514-076C763B69F9}.Release|x64.Build.0 = Release|x64
		{F8ABD31A-EC2F-A211-D514-076C763B69F9}.Release|Win32.ActiveCfg = Release|Win32
		{F8ABD31A-EC2F-A211-D514-076C763B69F9}.Release|Win32.Build.0 = Release|Win32
		{FBAEE4F6-562A-588F-01F9-72DCABB3B061}.Debug|x64.ActiveCfg = Debug|x64
		{FBAEE4F6-562A-588F-01F9-72DCABB3B061}.Debug|x64.Build.0 = Debug|x64
		{FBAEE4F6-562A-588F-01F9-72DCABB3B061}.Debug|Win32.ActiveCfg = Debug|Win32
		{FBAEE4F6-562A-588F-01F9-72DCABB3B061}.Debug|Win32.Build.0 = Debug|Win32
		{FBAEE4F6-562A-588F-01F9-72DCABB3B061}.Release|x64.ActiveCfg = Release|x64
		{FBAEE4F6-562A-588F-01F9-72DCABB3B061}.Release|x64.Build.0 = Release|x64
		{FBAEE4F6-562A-588F-01F9-72DCABB3B061}.Release|Win32.ActiveCfg = Release|Win32
		{FBAEE4F6-562A-588F-01F9-72DCABB3B061}.Release|Win32.Build.0 = Release|Win32
	EndGlobalSection
	GlobalSection(SolutionProperties) = preSolution
		HideSolutionNode = FALSE
	EndGlobalSection
EndGlobal
