<?xml version="1.0" encoding="utf-8"?>
<Project ToolsVersion="4.0" xmlns="http://schemas.microsoft.com/developer/msbuild/2003">
  <ItemGroup>
    <Filter Include="libGLESv2">
      <UniqueIdentifier>{A62A9415-2E9D-A6D2-631D-1F25A5CD626F}</UniqueIdentifier>
    </Filter>
  </ItemGroup>
  <ItemGroup>
    <None Include="..\..\src\angle.gyp"/>
    <None Include="..\..\src\libGLESv2\libGLESv2.def">
      <Filter>libGLESv2</Filter>
    </None>
    <ResourceCompile Include="..\..\src\libGLESv2\libGLESv2.rc">
      <Filter>libGLESv2</Filter>
    </ResourceCompile>
    <ClCompile Include="..\..\src\libGLESv2\libGLESv2.cpp">
      <Filter>libGLESv2</Filter>
    </ClCompile>
  </ItemGroup>
</Project>
