<?xml version="1.0" encoding="utf-8"?>
<Project ToolsVersion="4.0" xmlns="http://schemas.microsoft.com/developer/msbuild/2003">
  <ItemGroup>
    <Filter Include="libGLESv2">
      <UniqueIdentifier>{A62A9415-2E9D-A6D2-631D-1F25A5CD626F}</UniqueIdentifier>
    </Filter>
    <Filter Include="libGLESv2\renderer">
      <UniqueIdentifier>{AC4EF684-2900-10EA-3D11-A6DF0901358C}</UniqueIdentifier>
    </Filter>
    <Filter Include="libGLESv2\renderer\d3d11">
      <UniqueIdentifier>{10FB1414-88D2-B512-6D76-522749905268}</UniqueIdentifier>
    </Filter>
    <Filter Include="libGLESv2\renderer\d3d11\shaders">
      <UniqueIdentifier>{467D5622-06CC-2CF1-19E5-3CDD46A4008C}</UniqueIdentifier>
    </Filter>
    <Filter Include="libGLESv2\renderer\d3d11\shaders\compiled">
      <UniqueIdentifier>{F444E9E6-7D51-0546-F1E4-B6C8FCDA5FC6}</UniqueIdentifier>
    </Filter>
    <Filter Include="libGLESv2\renderer\d3d9">
      <UniqueIdentifier>{8BB193D2-4A8B-A094-A81E-D5E262AB1F92}</UniqueIdentifier>
    </Filter>
    <Filter Include="libGLESv2\renderer\d3d9\shaders">
      <UniqueIdentifier>{467D5622-06CC-2CF1-19E5-3CDD46A4008C}</UniqueIdentifier>
    </Filter>
    <Filter Include="libGLESv2\renderer\d3d9\shaders\compiled">
      <UniqueIdentifier>{F444E9E6-7D51-0546-F1E4-B6C8FCDA5FC6}</UniqueIdentifier>
    </Filter>
    <Filter Include="common">
      <UniqueIdentifier>{2F5FD094-EF52-77F7-7AA8-4327A01BF747}</UniqueIdentifier>
    </Filter>
    <Filter Include="third_party">
      <UniqueIdentifier>{D6C6CEA7-AAD0-03AD-2394-AC6FCBF8A498}</UniqueIdentifier>
    </Filter>
    <Filter Include="third_party\murmurhash">
      <UniqueIdentifier>{FBF5769C-D63C-9100-0719-0B97CE76B013}</UniqueIdentifier>
    </Filter>
  </ItemGroup>
  <ItemGroup>
    <None Include="..\..\src\angle.gyp"/>
    <ClInclude Include="..\..\src\libGLESv2\resource.h">
      <Filter>libGLESv2</Filter>
    </ClInclude>
    <ClCompile Include="..\..\src\libGLESv2\libGLESv2.cpp">
      <Filter>libGLESv2</Filter>
    </ClCompile>
    <ClInclude Include="..\..\src\libGLESv2\Buffer.h">
      <Filter>libGLESv2</Filter>
    </ClInclude>
    <ClInclude Include="..\..\src\libGLESv2\Shader.h">
      <Filter>libGLESv2</Filter>
    </ClInclude>
    <ClCompile Include="..\..\src\libGLESv2\validationES2.cpp">
      <Filter>libGLESv2</Filter>
    </ClCompile>
    <ClInclude Include="..\..\src\libGLESv2\BinaryStream.h">
      <Filter>libGLESv2</Filter>
    </ClInclude>
    <ClInclude Include="..\..\src\libGLESv2\VertexAttribute.h">
      <Filter>libGLESv2</Filter>
    </ClInclude>
    <ClCompile Include="..\..\src\libGLESv2\precompiled.cpp">
      <Filter>libGLESv2</Filter>
    </ClCompile>
    <ClInclude Include="..\..\src\libGLESv2\queryconversions.h">
      <Filter>libGLESv2</Filter>
    </ClInclude>
    <ClInclude Include="..\..\src\libGLESv2\validationES3.h">
      <Filter>libGLESv2</Filter>
    </ClInclude>
    <ClInclude Include="..\..\src\libGLESv2\Renderbuffer.h">
      <Filter>libGLESv2</Filter>
    </ClInclude>
    <ClInclude Include="..\..\src\libGLESv2\Program.h">
      <Filter>libGLESv2</Filter>
    </ClInclude>
    <ClCompile Include="..\..\src\libGLESv2\queryconversions.cpp">
      <Filter>libGLESv2</Filter>
    </ClCompile>
    <ClInclude Include="..\..\src\libGLESv2\Sampler.h">
      <Filter>libGLESv2</Filter>
    </ClInclude>
    <ClCompile Include="..\..\src\libGLESv2\HandleAllocator.cpp">
      <Filter>libGLESv2</Filter>
    </ClCompile>
    <ClInclude Include="..\..\src\libGLESv2\HandleAllocator.h">
      <Filter>libGLESv2</Filter>
    </ClInclude>
    <ClInclude Include="..\..\src\libGLESv2\precompiled.h">
      <Filter>libGLESv2</Filter>
    </ClInclude>
    <ClCompile Include="..\..\src\libGLESv2\formatutils.cpp">
      <Filter>libGLESv2</Filter>
    </ClCompile>
    <ClInclude Include="..\..\src\libGLESv2\Context.h">
      <Filter>libGLESv2</Filter>
    </ClInclude>
    <ClInclude Include="..\..\src\libGLESv2\Query.h">
      <Filter>libGLESv2</Filter>
    </ClInclude>
    <ClInclude Include="..\..\src\libGLESv2\ResourceManager.h">
      <Filter>libGLESv2</Filter>
    </ClInclude>
    <ResourceCompile Include="..\..\src\libGLESv2\libGLESv2.rc">
      <Filter>libGLESv2</Filter>
    </ResourceCompile>
    <ClCompile Include="..\..\src\libGLESv2\RenderbufferProxySet.cpp">
      <Filter>libGLESv2</Filter>
    </ClCompile>
    <ClInclude Include="..\..\src\libGLESv2\Texture.h">
      <Filter>libGLESv2</Filter>
    </ClInclude>
    <ClCompile Include="..\..\src\libGLESv2\Context.cpp">
      <Filter>libGLESv2</Filter>
    </ClCompile>
    <ClCompile Include="..\..\src\libGLESv2\Fence.cpp">
      <Filter>libGLESv2</Filter>
    </ClCompile>
    <ClInclude Include="..\..\src\libGLESv2\ProgramBinary.h">
      <Filter>libGLESv2</Filter>
    </ClInclude>
    <ClCompile Include="..\..\src\libGLESv2\ProgramBinary.cpp">
      <Filter>libGLESv2</Filter>
    </ClCompile>
    <ClInclude Include="..\..\src\libGLESv2\validationES2.h">
      <Filter>libGLESv2</Filter>
    </ClInclude>
    <ClInclude Include="..\..\src\libGLESv2\Fence.h">
      <Filter>libGLESv2</Filter>
    </ClInclude>
    <ClCompile Include="..\..\src\libGLESv2\validationES.cpp">
      <Filter>libGLESv2</Filter>
    </ClCompile>
    <ClCompile Include="..\..\src\libGLESv2\Renderbuffer.cpp">
      <Filter>libGLESv2</Filter>
    </ClCompile>
    <ClInclude Include="..\..\src\libGLESv2\angletypes.h">
      <Filter>libGLESv2</Filter>
    </ClInclude>
    <ClInclude Include="..\..\src\libGLESv2\Uniform.h">
      <Filter>libGLESv2</Filter>
    </ClInclude>
    <ClCompile Include="..\..\src\libGLESv2\Query.cpp">
      <Filter>libGLESv2</Filter>
    </ClCompile>
    <ClCompile Include="..\..\src\libGLESv2\Buffer.cpp">
      <Filter>libGLESv2</Filter>
    </ClCompile>
    <ClCompile Include="..\..\src\libGLESv2\Program.cpp">
      <Filter>libGLESv2</Filter>
    </ClCompile>
    <ClCompile Include="..\..\src\libGLESv2\Shader.cpp">
      <Filter>libGLESv2</Filter>
    </ClCompile>
    <ClCompile Include="..\..\src\libGLESv2\Uniform.cpp">
      <Filter>libGLESv2</Filter>
    </ClCompile>
    <ClCompile Include="..\..\src\libGLESv2\main.cpp">
      <Filter>libGLESv2</Filter>
    </ClCompile>
    <ClInclude Include="..\..\src\libGLESv2\main.h">
      <Filter>libGLESv2</Filter>
    </ClInclude>
    <ClInclude Include="..\..\src\libGLESv2\Framebuffer.h">
      <Filter>libGLESv2</Filter>
    </ClInclude>
    <ClCompile Include="..\..\src\libGLESv2\Float16ToFloat32.cpp">
      <Filter>libGLESv2</Filter>
    </ClCompile>
    <None Include="..\..\src\libGLESv2\libGLESv2.def">
      <Filter>libGLESv2</Filter>
    </None>
    <ClCompile Include="..\..\src\libGLESv2\validationES3.cpp">
      <Filter>libGLESv2</Filter>
    </ClCompile>
    <ClCompile Include="..\..\src\libGLESv2\ResourceManager.cpp">
      <Filter>libGLESv2</Filter>
    </ClCompile>
    <ClCompile Include="..\..\src\libGLESv2\Texture.cpp">
      <Filter>libGLESv2</Filter>
    </ClCompile>
    <ClCompile Include="..\..\src\libGLESv2\VertexArray.cpp">
      <Filter>libGLESv2</Filter>
    </ClCompile>
    <ClInclude Include="..\..\src\libGLESv2\constants.h">
      <Filter>libGLESv2</Filter>
    </ClInclude>
    <ClCompile Include="..\..\src\libGLESv2\Sampler.cpp">
      <Filter>libGLESv2</Filter>
    </ClCompile>
    <ClInclude Include="..\..\src\libGLESv2\VertexArray.h">
      <Filter>libGLESv2</Filter>
    </ClInclude>
    <ClInclude Include="..\..\src\libGLESv2\formatutils.h">
      <Filter>libGLESv2</Filter>
    </ClInclude>
    <ClCompile Include="..\..\src\libGLESv2\angletypes.cpp">
      <Filter>libGLESv2</Filter>
    </ClCompile>
    <ClCompile Include="..\..\src\libGLESv2\Framebuffer.cpp">
      <Filter>libGLESv2</Filter>
    </ClCompile>
    <ClInclude Include="..\..\src\libGLESv2\RenderbufferProxySet.h">
      <Filter>libGLESv2</Filter>
    </ClInclude>
    <ClInclude Include="..\..\src\libGLESv2\validationES.h">
      <Filter>libGLESv2</Filter>
    </ClInclude>
    <ClInclude Include="..\..\src\libGLESv2\renderer\IndexDataManager.h">
      <Filter>libGLESv2\renderer</Filter>
    </ClInclude>
    <ClCompile Include="..\..\src\libGLESv2\renderer\copyimage.cpp">
      <Filter>libGLESv2\renderer</Filter>
    </ClCompile>
    <ClInclude Include="..\..\src\libGLESv2\renderer\Renderer.h">
      <Filter>libGLESv2\renderer</Filter>
    </ClInclude>
    <ClCompile Include="..\..\src\libGLESv2\renderer\loadimageSSE2.cpp">
      <Filter>libGLESv2\renderer</Filter>
    </ClCompile>
    <ClCompile Include="..\..\src\libGLESv2\renderer\IndexDataManager.cpp">
      <Filter>libGLESv2\renderer</Filter>
    </ClCompile>
    <ClInclude Include="..\..\src\libGLESv2\renderer\SwapChain.h">
      <Filter>libGLESv2\renderer</Filter>
    </ClInclude>
    <ClInclude Include="..\..\src\libGLESv2\renderer\TextureStorage.h">
      <Filter>libGLESv2\renderer</Filter>
    </ClInclude>
    <ClCompile Include="..\..\src\libGLESv2\renderer\Image.cpp">
      <Filter>libGLESv2\renderer</Filter>
    </ClCompile>
    <ClInclude Include="..\..\src\libGLESv2\renderer\imageformats.h">
      <Filter>libGLESv2\renderer</Filter>
    </ClInclude>
    <ClCompile Include="..\..\src\libGLESv2\renderer\IndexBuffer.cpp">
      <Filter>libGLESv2\renderer</Filter>
    </ClCompile>
    <ClCompile Include="..\..\src\libGLESv2\renderer\BufferStorage.cpp">
      <Filter>libGLESv2\renderer</Filter>
    </ClCompile>
    <ClInclude Include="..\..\src\libGLESv2\renderer\ShaderExecutable.h">
      <Filter>libGLESv2\renderer</Filter>
    </ClInclude>
    <ClInclude Include="..\..\src\libGLESv2\renderer\QueryImpl.h">
      <Filter>libGLESv2\renderer</Filter>
    </ClInclude>
    <ClInclude Include="..\..\src\libGLESv2\renderer\ShaderCache.h">
      <Filter>libGLESv2\renderer</Filter>
    </ClInclude>
    <ClCompile Include="..\..\src\libGLESv2\renderer\VertexBuffer.cpp">
      <Filter>libGLESv2\renderer</Filter>
    </ClCompile>
    <ClInclude Include="..\..\src\libGLESv2\renderer\copyimage.h">
      <Filter>libGLESv2\renderer</Filter>
    </ClInclude>
    <ClInclude Include="..\..\src\libGLESv2\renderer\IndexBuffer.h">
      <Filter>libGLESv2\renderer</Filter>
    </ClInclude>
    <ClInclude Include="..\..\src\libGLESv2\renderer\loadimage.h">
      <Filter>libGLESv2\renderer</Filter>
    </ClInclude>
    <ClInclude Include="..\..\src\libGLESv2\renderer\IndexRangeCache.h">
      <Filter>libGLESv2\renderer</Filter>
    </ClInclude>
    <ClInclude Include="..\..\src\libGLESv2\renderer\FenceImpl.h">
      <Filter>libGLESv2\renderer</Filter>
    </ClInclude>
    <ClCompile Include="..\..\src\libGLESv2\renderer\loadimage.cpp">
      <Filter>libGLESv2\renderer</Filter>
    </ClCompile>
    <ClInclude Include="..\..\src\libGLESv2\renderer\Image.h">
      <Filter>libGLESv2\renderer</Filter>
    </ClInclude>
    <ClInclude Include="..\..\src\libGLESv2\renderer\generatemip.h">
      <Filter>libGLESv2\renderer</Filter>
    </ClInclude>
    <ClInclude Include="..\..\src\libGLESv2\renderer\RenderTarget.h">
      <Filter>libGLESv2\renderer</Filter>
    </ClInclude>
    <ClInclude Include="..\..\src\libGLESv2\renderer\vertexconversion.h">
      <Filter>libGLESv2\renderer</Filter>
    </ClInclude>
    <ClCompile Include="..\..\src\libGLESv2\renderer\VertexDataManager.cpp">
      <Filter>libGLESv2\renderer</Filter>
    </ClCompile>
    <ClInclude Include="..\..\src\libGLESv2\renderer\VertexDataManager.h">
      <Filter>libGLESv2\renderer</Filter>
    </ClInclude>
    <ClCompile Include="..\..\src\libGLESv2\renderer\IndexRangeCache.cpp">
      <Filter>libGLESv2\renderer</Filter>
    </ClCompile>
    <ClInclude Include="..\..\src\libGLESv2\renderer\BufferStorage.h">
      <Filter>libGLESv2\renderer</Filter>
    </ClInclude>
    <ClInclude Include="..\..\src\libGLESv2\renderer\VertexBuffer.h">
      <Filter>libGLESv2\renderer</Filter>
    </ClInclude>
    <ClCompile Include="..\..\src\libGLESv2\renderer\Renderer.cpp">
      <Filter>libGLESv2\renderer</Filter>
    </ClCompile>
    <ClCompile Include="..\..\src\libGLESv2\renderer\TextureStorage.cpp">
      <Filter>libGLESv2\renderer</Filter>
    </ClCompile>
    <ClInclude Include="..\..\src\libGLESv2\renderer\d3d11\InputLayoutCache.h">
      <Filter>libGLESv2\renderer\d3d11</Filter>
    </ClInclude>
    <ClCompile Include="..\..\src\libGLESv2\renderer\d3d11\Clear11.cpp">
      <Filter>libGLESv2\renderer\d3d11</Filter>
    </ClCompile>
    <ClCompile Include="..\..\src\libGLESv2\renderer\d3d11\RenderTarget11.cpp">
      <Filter>libGLESv2\renderer\d3d11</Filter>
    </ClCompile>
    <ClInclude Include="..\..\src\libGLESv2\renderer\d3d11\PixelTransfer11.h">
      <Filter>libGLESv2\renderer\d3d11</Filter>
    </ClInclude>
    <ClCompile Include="..\..\src\libGLESv2\renderer\d3d11\InputLayoutCache.cpp">
      <Filter>libGLESv2\renderer\d3d11</Filter>
    </ClCompile>
    <ClInclude Include="..\..\src\libGLESv2\renderer\d3d11\renderer11_utils.h">
      <Filter>libGLESv2\renderer\d3d11</Filter>
    </ClInclude>
    <ClInclude Include="..\..\src\libGLESv2\renderer\d3d11\BufferStorage11.h">
      <Filter>libGLESv2\renderer\d3d11</Filter>
    </ClInclude>
    <ClCompile Include="..\..\src\libGLESv2\renderer\d3d11\TextureStorage11.cpp">
      <Filter>libGLESv2\renderer\d3d11</Filter>
    </ClCompile>
    <ClCompile Include="..\..\src\libGLESv2\renderer\d3d11\renderer11_utils.cpp">
      <Filter>libGLESv2\renderer\d3d11</Filter>
    </ClCompile>
    <ClCompile Include="..\..\src\libGLESv2\renderer\d3d11\ShaderExecutable11.cpp">
      <Filter>libGLESv2\renderer\d3d11</Filter>
    </ClCompile>
    <ClInclude Include="..\..\src\libGLESv2\renderer\d3d11\SwapChain11.h">
      <Filter>libGLESv2\renderer\d3d11</Filter>
    </ClInclude>
    <ClInclude Include="..\..\src\libGLESv2\renderer\d3d11\VertexBuffer11.h">
      <Filter>libGLESv2\renderer\d3d11</Filter>
    </ClInclude>
    <ClInclude Include="..\..\src\libGLESv2\renderer\d3d11\TextureStorage11.h">
      <Filter>libGLESv2\renderer\d3d11</Filter>
    </ClInclude>
    <ClCompile Include="..\..\src\libGLESv2\renderer\d3d11\SwapChain11.cpp">
      <Filter>libGLESv2\renderer\d3d11</Filter>
    </ClCompile>
    <ClInclude Include="..\..\src\libGLESv2\renderer\d3d11\ShaderExecutable11.h">
      <Filter>libGLESv2\renderer\d3d11</Filter>
    </ClInclude>
    <ClInclude Include="..\..\src\libGLESv2\renderer\d3d11\RenderStateCache.h">
      <Filter>libGLESv2\renderer\d3d11</Filter>
    </ClInclude>
    <ClCompile Include="..\..\src\libGLESv2\renderer\d3d11\Query11.cpp">
      <Filter>libGLESv2\renderer\d3d11</Filter>
    </ClCompile>
    <ClCompile Include="..\..\src\libGLESv2\renderer\d3d11\VertexBuffer11.cpp">
      <Filter>libGLESv2\renderer\d3d11</Filter>
    </ClCompile>
    <ClInclude Include="..\..\src\libGLESv2\renderer\d3d11\Fence11.h">
      <Filter>libGLESv2\renderer\d3d11</Filter>
    </ClInclude>
    <ClInclude Include="..\..\src\libGLESv2\renderer\d3d11\Renderer11.h">
      <Filter>libGLESv2\renderer\d3d11</Filter>
    </ClInclude>
    <ClCompile Include="..\..\src\libGLESv2\renderer\d3d11\Renderer11.cpp">
      <Filter>libGLESv2\renderer\d3d11</Filter>
    </ClCompile>
    <ClInclude Include="..\..\src\libGLESv2\renderer\d3d11\IndexBuffer11.h">
      <Filter>libGLESv2\renderer\d3d11</Filter>
    </ClInclude>
    <ClInclude Include="..\..\src\libGLESv2\renderer\d3d11\Clear11.h">
      <Filter>libGLESv2\renderer\d3d11</Filter>
    </ClInclude>
    <ClCompile Include="..\..\src\libGLESv2\renderer\d3d11\IndexBuffer11.cpp">
      <Filter>libGLESv2\renderer\d3d11</Filter>
    </ClCompile>
    <ClCompile Include="..\..\src\libGLESv2\renderer\d3d11\formatutils11.cpp">
      <Filter>libGLESv2\renderer\d3d11</Filter>
    </ClCompile>
    <ClCompile Include="..\..\src\libGLESv2\renderer\d3d11\Fence11.cpp">
      <Filter>libGLESv2\renderer\d3d11</Filter>
    </ClCompile>
    <ClInclude Include="..\..\src\libGLESv2\renderer\d3d11\RenderTarget11.h">
      <Filter>libGLESv2\renderer\d3d11</Filter>
    </ClInclude>
    <ClCompile Include="..\..\src\libGLESv2\renderer\d3d11\Blit11.cpp">
      <Filter>libGLESv2\renderer\d3d11</Filter>
    </ClCompile>
    <ClCompile Include="..\..\src\libGLESv2\renderer\d3d11\PixelTransfer11.cpp">
      <Filter>libGLESv2\renderer\d3d11</Filter>
    </ClCompile>
    <ClInclude Include="..\..\src\libGLESv2\renderer\d3d11\Query11.h">
      <Filter>libGLESv2\renderer\d3d11</Filter>
    </ClInclude>
    <ClInclude Include="..\..\src\libGLESv2\renderer\d3d11\Image11.h">
      <Filter>libGLESv2\renderer\d3d11</Filter>
    </ClInclude>
    <ClInclude Include="..\..\src\libGLESv2\renderer\d3d11\formatutils11.h">
      <Filter>libGLESv2\renderer\d3d11</Filter>
    </ClInclude>
    <ClInclude Include="..\..\src\libGLESv2\renderer\d3d11\Blit11.h">
      <Filter>libGLESv2\renderer\d3d11</Filter>
    </ClInclude>
    <ClCompile Include="..\..\src\libGLESv2\renderer\d3d11\Image11.cpp">
      <Filter>libGLESv2\renderer\d3d11</Filter>
    </ClCompile>
    <ClCompile Include="..\..\src\libGLESv2\renderer\d3d11\RenderStateCache.cpp">
      <Filter>libGLESv2\renderer\d3d11</Filter>
    </ClCompile>
    <ClCompile Include="..\..\src\libGLESv2\renderer\d3d11\BufferStorage11.cpp">
      <Filter>libGLESv2\renderer\d3d11</Filter>
    </ClCompile>
    <None Include="..\..\src\libGLESv2\renderer\d3d11\shaders\BufferToTexture11.hlsl">
      <Filter>libGLESv2\renderer\d3d11\shaders</Filter>
    </None>
    <None Include="..\..\src\libGLESv2\renderer\d3d11\shaders\generate_shaders.bat">
      <Filter>libGLESv2\renderer\d3d11\shaders</Filter>
    </None>
    <None Include="..\..\src\libGLESv2\renderer\d3d11\shaders\Swizzle11.hlsl">
      <Filter>libGLESv2\renderer\d3d11\shaders</Filter>
    </None>
    <None Include="..\..\src\libGLESv2\renderer\d3d11\shaders\Passthrough2D11.hlsl">
      <Filter>libGLESv2\renderer\d3d11\shaders</Filter>
    </None>
    <None Include="..\..\src\libGLESv2\renderer\d3d11\shaders\Passthrough3D11.hlsl">
      <Filter>libGLESv2\renderer\d3d11\shaders</Filter>
    </None>
    <None Include="..\..\src\libGLESv2\renderer\d3d11\shaders\Clear11.hlsl">
      <Filter>libGLESv2\renderer\d3d11\shaders</Filter>
    </None>
    <ClInclude Include="..\..\src\libGLESv2\renderer\d3d11\shaders\compiled\passthroughr2di11ps.h">
      <Filter>libGLESv2\renderer\d3d11\shaders\compiled</Filter>
    </ClInclude>
    <ClInclude Include="..\..\src\libGLESv2\renderer\d3d11\shaders\compiled\buffertotexture11_gs.h">
      <Filter>libGLESv2\renderer\d3d11\shaders\compiled</Filter>
    </ClInclude>
    <ClInclude Include="..\..\src\libGLESv2\renderer\d3d11\shaders\compiled\passthroughr2dui11ps.h">
      <Filter>libGLESv2\renderer\d3d11\shaders\compiled</Filter>
    </ClInclude>
    <ClInclude Include="..\..\src\libGLESv2\renderer\d3d11\shaders\compiled\swizzlei2dps.h">
      <Filter>libGLESv2\renderer\d3d11\shaders\compiled</Filter>
    </ClInclude>
    <ClInclude Include="..\..\src\libGLESv2\renderer\d3d11\shaders\compiled\passthroughrgba3d11ps.h">
      <Filter>libGLESv2\renderer\d3d11\shaders\compiled</Filter>
    </ClInclude>
    <ClInclude Include="..\..\src\libGLESv2\renderer\d3d11\shaders\compiled\passthroughrg2d11ps.h">
      <Filter>libGLESv2\renderer\d3d11\shaders\compiled</Filter>
    </ClInclude>
    <ClInclude Include="..\..\src\libGLESv2\renderer\d3d11\shaders\compiled\passthrough3d11gs.h">
      <Filter>libGLESv2\renderer\d3d11\shaders\compiled</Filter>
    </ClInclude>
    <ClInclude Include="..\..\src\libGLESv2\renderer\d3d11\shaders\compiled\clearfloat11ps.h">
      <Filter>libGLESv2\renderer\d3d11\shaders\compiled</Filter>
    </ClInclude>
    <ClInclude Include="..\..\src\libGLESv2\renderer\d3d11\shaders\compiled\passthroughr3di11ps.h">
      <Filter>libGLESv2\renderer\d3d11\shaders\compiled</Filter>
    </ClInclude>
    <ClInclude Include="..\..\src\libGLESv2\renderer\d3d11\shaders\compiled\swizzlei2darrayps.h">
      <Filter>libGLESv2\renderer\d3d11\shaders\compiled</Filter>
    </ClInclude>
    <ClInclude Include="..\..\src\libGLESv2\renderer\d3d11\shaders\compiled\passthroughlumalpha2d11ps.h">
      <Filter>libGLESv2\renderer\d3d11\shaders\compiled</Filter>
    </ClInclude>
    <ClInclude Include="..\..\src\libGLESv2\renderer\d3d11\shaders\compiled\passthroughrg2di11ps.h">
      <Filter>libGLESv2\renderer\d3d11\shaders\compiled</Filter>
    </ClInclude>
    <ClInclude Include="..\..\src\libGLESv2\renderer\d3d11\shaders\compiled\swizzlei3dps.h">
      <Filter>libGLESv2\renderer\d3d11\shaders\compiled</Filter>
    </ClInclude>
    <ClInclude Include="..\..\src\libGLESv2\renderer\d3d11\shaders\compiled\passthroughrgb3di11ps.h">
      <Filter>libGLESv2\renderer\d3d11\shaders\compiled</Filter>
    </ClInclude>
    <ClInclude Include="..\..\src\libGLESv2\renderer\d3d11\shaders\compiled\clearuint11vs.h">
      <Filter>libGLESv2\renderer\d3d11\shaders\compiled</Filter>
    </ClInclude>
    <ClInclude Include="..\..\src\libGLESv2\renderer\d3d11\shaders\compiled\passthroughrgba3dui11ps.h">
      <Filter>libGLESv2\renderer\d3d11\shaders\compiled</Filter>
    </ClInclude>
    <ClInclude Include="..\..\src\libGLESv2\renderer\d3d11\shaders\compiled\passthroughlum3d11ps.h">
      <Filter>libGLESv2\renderer\d3d11\shaders\compiled</Filter>
    </ClInclude>
    <ClInclude Include="..\..\src\libGLESv2\renderer\d3d11\shaders\compiled\swizzleui2darrayps.h">
      <Filter>libGLESv2\renderer\d3d11\shaders\compiled</Filter>
    </ClInclude>
    <ClInclude Include="..\..\src\libGLESv2\renderer\d3d11\shaders\compiled\passthroughlum2d11ps.h">
      <Filter>libGLESv2\renderer\d3d11\shaders\compiled</Filter>
    </ClInclude>
    <ClInclude Include="..\..\src\libGLESv2\renderer\d3d11\shaders\compiled\passthroughr3dui11ps.h">
      <Filter>libGLESv2\renderer\d3d11\shaders\compiled</Filter>
    </ClInclude>
    <ClInclude Include="..\..\src\libGLESv2\renderer\d3d11\shaders\compiled\clearfloat11vs.h">
      <Filter>libGLESv2\renderer\d3d11\shaders\compiled</Filter>
    </ClInclude>
    <ClInclude Include="..\..\src\libGLESv2\renderer\d3d11\shaders\compiled\passthroughr3d11ps.h">
      <Filter>libGLESv2\renderer\d3d11\shaders\compiled</Filter>
    </ClInclude>
    <ClInclude Include="..\..\src\libGLESv2\renderer\d3d11\shaders\compiled\passthroughdepth2d11ps.h">
      <Filter>libGLESv2\renderer\d3d11\shaders\compiled</Filter>
    </ClInclude>
    <ClInclude Include="..\..\src\libGLESv2\renderer\d3d11\shaders\compiled\passthroughrgb2dui11ps.h">
      <Filter>libGLESv2\renderer\d3d11\shaders\compiled</Filter>
    </ClInclude>
    <ClInclude Include="..\..\src\libGLESv2\renderer\d3d11\shaders\compiled\buffertotexture11_ps_4ui.h">
      <Filter>libGLESv2\renderer\d3d11\shaders\compiled</Filter>
    </ClInclude>
    <ClInclude Include="..\..\src\libGLESv2\renderer\d3d11\shaders\compiled\passthroughr2d11ps.h">
      <Filter>libGLESv2\renderer\d3d11\shaders\compiled</Filter>
    </ClInclude>
    <ClInclude Include="..\..\src\libGLESv2\renderer\d3d11\shaders\compiled\passthroughlumalpha3d11ps.h">
      <Filter>libGLESv2\renderer\d3d11\shaders\compiled</Filter>
    </ClInclude>
    <ClInclude Include="..\..\src\libGLESv2\renderer\d3d11\shaders\compiled\swizzlef2darrayps.h">
      <Filter>libGLESv2\renderer\d3d11\shaders\compiled</Filter>
    </ClInclude>
    <ClInclude Include="..\..\src\libGLESv2\renderer\d3d11\shaders\compiled\passthroughrgb3d11ps.h">
      <Filter>libGLESv2\renderer\d3d11\shaders\compiled</Filter>
    </ClInclude>
    <ClInclude Include="..\..\src\libGLESv2\renderer\d3d11\shaders\compiled\passthroughrg3di11ps.h">
      <Filter>libGLESv2\renderer\d3d11\shaders\compiled</Filter>
    </ClInclude>
    <ClInclude Include="..\..\src\libGLESv2\renderer\d3d11\shaders\compiled\passthroughrg2dui11ps.h">
      <Filter>libGLESv2\renderer\d3d11\shaders\compiled</Filter>
    </ClInclude>
    <ClInclude Include="..\..\src\libGLESv2\renderer\d3d11\shaders\compiled\clearsint11vs.h">
      <Filter>libGLESv2\renderer\d3d11\shaders\compiled</Filter>
    </ClInclude>
    <ClInclude Include="..\..\src\libGLESv2\renderer\d3d11\shaders\compiled\swizzleui2dps.h">
      <Filter>libGLESv2\renderer\d3d11\shaders\compiled</Filter>
    </ClInclude>
    <ClInclude Include="..\..\src\libGLESv2\renderer\d3d11\shaders\compiled\passthroughrg3d11ps.h">
      <Filter>libGLESv2\renderer\d3d11\shaders\compiled</Filter>
    </ClInclude>
    <ClInclude Include="..\..\src\libGLESv2\renderer\d3d11\shaders\compiled\passthroughrgba2dui11ps.h">
      <Filter>libGLESv2\renderer\d3d11\shaders\compiled</Filter>
    </ClInclude>
    <ClInclude Include="..\..\src\libGLESv2\renderer\d3d11\shaders\compiled\buffertotexture11_vs.h">
      <Filter>libGLESv2\renderer\d3d11\shaders\compiled</Filter>
    </ClInclude>
    <ClInclude Include="..\..\src\libGLESv2\renderer\d3d11\shaders\compiled\buffertotexture11_ps_4i.h">
      <Filter>libGLESv2\renderer\d3d11\shaders\compiled</Filter>
    </ClInclude>
    <ClInclude Include="..\..\src\libGLESv2\renderer\d3d11\shaders\compiled\passthrough2d11vs.h">
      <Filter>libGLESv2\renderer\d3d11\shaders\compiled</Filter>
    </ClInclude>
    <ClInclude Include="..\..\src\libGLESv2\renderer\d3d11\shaders\compiled\swizzlef2dps.h">
      <Filter>libGLESv2\renderer\d3d11\shaders\compiled</Filter>
    </ClInclude>
    <ClInclude Include="..\..\src\libGLESv2\renderer\d3d11\shaders\compiled\swizzlef3dps.h">
      <Filter>libGLESv2\renderer\d3d11\shaders\compiled</Filter>
    </ClInclude>
    <ClInclude Include="..\..\src\libGLESv2\renderer\d3d11\shaders\compiled\passthroughrgba2di11ps.h">
      <Filter>libGLESv2\renderer\d3d11\shaders\compiled</Filter>
    </ClInclude>
    <ClInclude Include="..\..\src\libGLESv2\renderer\d3d11\shaders\compiled\buffertotexture11_ps_4f.h">
      <Filter>libGLESv2\renderer\d3d11\shaders\compiled</Filter>
    </ClInclude>
    <ClInclude Include="..\..\src\libGLESv2\renderer\d3d11\shaders\compiled\passthroughrgba2d11ps.h">
      <Filter>libGLESv2\renderer\d3d11\shaders\compiled</Filter>
    </ClInclude>
    <ClInclude Include="..\..\src\libGLESv2\renderer\d3d11\shaders\compiled\passthroughrgb2di11ps.h">
      <Filter>libGLESv2\renderer\d3d11\shaders\compiled</Filter>
    </ClInclude>
    <ClInclude Include="..\..\src\libGLESv2\renderer\d3d11\shaders\compiled\passthroughrgba3di11ps.h">
      <Filter>libGLESv2\renderer\d3d11\shaders\compiled</Filter>
    </ClInclude>
    <ClInclude Include="..\..\src\libGLESv2\renderer\d3d11\shaders\compiled\passthroughrgb2d11ps.h">
      <Filter>libGLESv2\renderer\d3d11\shaders\compiled</Filter>
    </ClInclude>
    <ClInclude Include="..\..\src\libGLESv2\renderer\d3d11\shaders\compiled\clearuint11ps.h">
      <Filter>libGLESv2\renderer\d3d11\shaders\compiled</Filter>
    </ClInclude>
    <ClInclude Include="..\..\src\libGLESv2\renderer\d3d11\shaders\compiled\clearsint11ps.h">
      <Filter>libGLESv2\renderer\d3d11\shaders\compiled</Filter>
    </ClInclude>
    <ClInclude Include="..\..\src\libGLESv2\renderer\d3d11\shaders\compiled\passthroughrg3dui11ps.h">
      <Filter>libGLESv2\renderer\d3d11\shaders\compiled</Filter>
    </ClInclude>
    <ClInclude Include="..\..\src\libGLESv2\renderer\d3d11\shaders\compiled\passthrough3d11vs.h">
      <Filter>libGLESv2\renderer\d3d11\shaders\compiled</Filter>
    </ClInclude>
    <ClInclude Include="..\..\src\libGLESv2\renderer\d3d11\shaders\compiled\swizzleui3dps.h">
      <Filter>libGLESv2\renderer\d3d11\shaders\compiled</Filter>
    </ClInclude>
    <ClInclude Include="..\..\src\libGLESv2\renderer\d3d11\shaders\compiled\passthroughrgb3dui11ps.h">
      <Filter>libGLESv2\renderer\d3d11\shaders\compiled</Filter>
    </ClInclude>
    <ClCompile Include="..\..\src\libGLESv2\renderer\d3d9\VertexDeclarationCache.cpp">
      <Filter>libGLESv2\renderer\d3d9</Filter>
    </ClCompile>
    <ClCompile Include="..\..\src\libGLESv2\renderer\d3d9\renderer9_utils.cpp">
      <Filter>libGLESv2\renderer\d3d9</Filter>
    </ClCompile>
    <ClInclude Include="..\..\src\libGLESv2\renderer\d3d9\IndexBuffer9.h">
      <Filter>libGLESv2\renderer\d3d9</Filter>
    </ClInclude>
    <ClCompile Include="..\..\src\libGLESv2\renderer\d3d9\Image9.cpp">
      <Filter>libGLESv2\renderer\d3d9</Filter>
    </ClCompile>
    <ClCompile Include="..\..\src\libGLESv2\renderer\d3d9\IndexBuffer9.cpp">
      <Filter>libGLESv2\renderer\d3d9</Filter>
    </ClCompile>
    <ClCompile Include="..\..\src\libGLESv2\renderer\d3d9\ShaderExecutable9.cpp">
      <Filter>libGLESv2\renderer\d3d9</Filter>
    </ClCompile>
    <ClInclude Include="..\..\src\libGLESv2\renderer\d3d9\VertexDeclarationCache.h">
      <Filter>libGLESv2\renderer\d3d9</Filter>
    </ClInclude>
    <ClInclude Include="..\..\src\libGLESv2\renderer\d3d9\Blit9.h">
      <Filter>libGLESv2\renderer\d3d9</Filter>
    </ClInclude>
    <ClCompile Include="..\..\src\libGLESv2\renderer\d3d9\RenderTarget9.cpp">
      <Filter>libGLESv2\renderer\d3d9</Filter>
    </ClCompile>
    <ClInclude Include="..\..\src\libGLESv2\renderer\d3d9\ShaderExecutable9.h">
      <Filter>libGLESv2\renderer\d3d9</Filter>
    </ClInclude>
    <ClCompile Include="..\..\src\libGLESv2\renderer\d3d9\BufferStorage9.cpp">
      <Filter>libGLESv2\renderer\d3d9</Filter>
    </ClCompile>
    <ClCompile Include="..\..\src\libGLESv2\renderer\d3d9\Renderer9.cpp">
      <Filter>libGLESv2\renderer\d3d9</Filter>
    </ClCompile>
    <ClCompile Include="..\..\src\libGLESv2\renderer\d3d9\TextureStorage9.cpp">
      <Filter>libGLESv2\renderer\d3d9</Filter>
    </ClCompile>
    <ClInclude Include="..\..\src\libGLESv2\renderer\d3d9\SwapChain9.h">
      <Filter>libGLESv2\renderer\d3d9</Filter>
    </ClInclude>
    <ClInclude Include="..\..\src\libGLESv2\renderer\d3d9\formatutils9.h">
      <Filter>libGLESv2\renderer\d3d9</Filter>
    </ClInclude>
    <ClInclude Include="..\..\src\libGLESv2\renderer\d3d9\Query9.h">
      <Filter>libGLESv2\renderer\d3d9</Filter>
    </ClInclude>
    <ClInclude Include="..\..\src\libGLESv2\renderer\d3d9\Fence9.h">
      <Filter>libGLESv2\renderer\d3d9</Filter>
    </ClInclude>
    <ClCompile Include="..\..\src\libGLESv2\renderer\d3d9\Fence9.cpp">
      <Filter>libGLESv2\renderer\d3d9</Filter>
    </ClCompile>
    <ClCompile Include="..\..\src\libGLESv2\renderer\d3d9\Blit9.cpp">
      <Filter>libGLESv2\renderer\d3d9</Filter>
    </ClCompile>
    <ClCompile Include="..\..\src\libGLESv2\renderer\d3d9\SwapChain9.cpp">
      <Filter>libGLESv2\renderer\d3d9</Filter>
    </ClCompile>
    <ClInclude Include="..\..\src\libGLESv2\renderer\d3d9\BufferStorage9.h">
      <Filter>libGLESv2\renderer\d3d9</Filter>
    </ClInclude>
    <ClCompile Include="..\..\src\libGLESv2\renderer\d3d9\VertexBuffer9.cpp">
      <Filter>libGLESv2\renderer\d3d9</Filter>
    </ClCompile>
    <ClInclude Include="..\..\src\libGLESv2\renderer\d3d9\Renderer9.h">
      <Filter>libGLESv2\renderer\d3d9</Filter>
    </ClInclude>
    <ClInclude Include="..\..\src\libGLESv2\renderer\d3d9\renderer9_utils.h">
      <Filter>libGLESv2\renderer\d3d9</Filter>
    </ClInclude>
    <ClInclude Include="..\..\src\libGLESv2\renderer\d3d9\RenderTarget9.h">
      <Filter>libGLESv2\renderer\d3d9</Filter>
    </ClInclude>
    <ClCompile Include="..\..\src\libGLESv2\renderer\d3d9\formatutils9.cpp">
      <Filter>libGLESv2\renderer\d3d9</Filter>
    </ClCompile>
    <ClInclude Include="..\..\src\libGLESv2\renderer\d3d9\TextureStorage9.h">
      <Filter>libGLESv2\renderer\d3d9</Filter>
    </ClInclude>
    <ClInclude Include="..\..\src\libGLESv2\renderer\d3d9\VertexBuffer9.h">
      <Filter>libGLESv2\renderer\d3d9</Filter>
    </ClInclude>
    <ClCompile Include="..\..\src\libGLESv2\renderer\d3d9\Query9.cpp">
      <Filter>libGLESv2\renderer\d3d9</Filter>
    </ClCompile>
    <ClInclude Include="..\..\src\libGLESv2\renderer\d3d9\Image9.h">
      <Filter>libGLESv2\renderer\d3d9</Filter>
    </ClInclude>
    <None Include="..\..\src\libGLESv2\renderer\d3d9\shaders\Blit.vs">
      <Filter>libGLESv2\renderer\d3d9\shaders</Filter>
    </None>
    <None Include="..\..\src\libGLESv2\renderer\d3d9\shaders\generate_shaders.bat">
      <Filter>libGLESv2\renderer\d3d9\shaders</Filter>
    </None>
    <None Include="..\..\src\libGLESv2\renderer\d3d9\shaders\Blit.ps">
      <Filter>libGLESv2\renderer\d3d9\shaders</Filter>
    </None>
    <ClInclude Include="..\..\src\libGLESv2\renderer\d3d9\shaders\compiled\luminanceps.h">
      <Filter>libGLESv2\renderer\d3d9\shaders\compiled</Filter>
    </ClInclude>
    <ClInclude Include="..\..\src\libGLESv2\renderer\d3d9\shaders\compiled\passthroughps.h">
      <Filter>libGLESv2\renderer\d3d9\shaders\compiled</Filter>
    </ClInclude>
    <ClInclude Include="..\..\src\libGLESv2\renderer\d3d9\shaders\compiled\flipyvs.h">
      <Filter>libGLESv2\renderer\d3d9\shaders\compiled</Filter>
    </ClInclude>
    <ClInclude Include="..\..\src\libGLESv2\renderer\d3d9\shaders\compiled\componentmaskps.h">
      <Filter>libGLESv2\renderer\d3d9\shaders\compiled</Filter>
    </ClInclude>
    <ClInclude Include="..\..\src\libGLESv2\renderer\d3d9\shaders\compiled\standardvs.h">
      <Filter>libGLESv2\renderer\d3d9\shaders\compiled</Filter>
    </ClInclude>
    <ClInclude Include="..\..\src\common\RefCountObject.h">
      <Filter>common</Filter>
    </ClInclude>
    <ClInclude Include="..\..\src\common\mathutil.h">
      <Filter>common</Filter>
    </ClInclude>
    <ClInclude Include="..\..\src\common\event_tracer.h">
      <Filter>common</Filter>
    </ClInclude>
    <ClCompile Include="..\..\src\common\event_tracer.cpp">
      <Filter>common</Filter>
    </ClCompile>
    <ClInclude Include="..\..\src\common\commit.h">
      <Filter>common</Filter>
    </ClInclude>
    <ClCompile Include="..\..\src\common\RefCountObject.cpp">
      <Filter>common</Filter>
    </ClCompile>
    <ClCompile Include="..\..\src\common\utilities.cpp">
      <Filter>common</Filter>
    </ClCompile>
    <ClCompile Include="..\..\src\common\mathutil.cpp">
      <Filter>common</Filter>
    </ClCompile>
    <ClInclude Include="..\..\src\common\debug.h">
      <Filter>common</Filter>
    </ClInclude>
    <ClCompile Include="..\..\src\common\debug.cpp">
      <Filter>common</Filter>
    </ClCompile>
    <ClInclude Include="..\..\src\common\version.h">
      <Filter>common</Filter>
    </ClInclude>
    <ClInclude Include="..\..\src\common\utilities.h">
      <Filter>common</Filter>
    </ClInclude>
    <ClInclude Include="..\..\src\common\angleutils.h">
      <Filter>common</Filter>
    </ClInclude>
    <ClCompile Include="..\..\src\third_party\murmurhash\MurmurHash3.cpp">
      <Filter>third_party\murmurhash</Filter>
    </ClCompile>
    <ClInclude Include="..\..\src\third_party\murmurhash\MurmurHash3.h">
      <Filter>third_party\murmurhash</Filter>
    </ClInclude>
  </ItemGroup>
</Project>
