<?xml version="1.0" encoding="utf-8"?>
<Project ToolsVersion="4.0" xmlns="http://schemas.microsoft.com/developer/msbuild/2003">
  <ItemGroup>
    <Filter Include="third_party">
      <UniqueIdentifier>{D6C6CEA7-AAD0-03AD-2394-AC6FCBF8A498}</UniqueIdentifier>
    </Filter>
    <Filter Include="third_party\compiler">
      <UniqueIdentifier>{041FFD28-E4BD-ABC0-5AF7-A6D1560FAC0E}</UniqueIdentifier>
    </Filter>
    <Filter Include="common">
      <UniqueIdentifier>{2F5FD094-EF52-77F7-7AA8-4327A01BF747}</UniqueIdentifier>
    </Filter>
    <Filter Include="compiler">
      <UniqueIdentifier>{041FFD28-E4BD-ABC0-5AF7-A6D1560FAC0E}</UniqueIdentifier>
    </Filter>
    <Filter Include="compiler\translator">
      <UniqueIdentifier>{502101C2-1680-5126-1D2E-39419A1AE009}</UniqueIdentifier>
    </Filter>
    <Filter Include="compiler\translator\_excluded_files">
      <UniqueIdentifier>{158E591E-B6EA-0C85-8F5A-18EAFA09B4CE}</UniqueIdentifier>
    </Filter>
    <Filter Include="compiler\translator\timing">
      <UniqueIdentifier>{E1BE6BE7-5019-57F8-5C7D-26FC8CE74904}</UniqueIdentifier>
    </Filter>
    <Filter Include="compiler\translator\depgraph">
      <UniqueIdentifier>{233BE2B2-4E73-B3F0-20B8-25A55D8E5238}</UniqueIdentifier>
    </Filter>
  </ItemGroup>
  <ItemGroup>
    <None Include="..\..\src\angle.gyp"/>
    <ClInclude Include="..\..\src\third_party\compiler\ArrayBoundsClamper.h">
      <Filter>third_party\compiler</Filter>
    </ClInclude>
    <ClCompile Include="..\..\src\third_party\compiler\ArrayBoundsClamper.cpp">
      <Filter>third_party\compiler</Filter>
    </ClCompile>
    <ClInclude Include="..\..\src\common\RefCountObject.h">
      <Filter>common</Filter>
    </ClInclude>
    <ClInclude Include="..\..\src\common\debug.h">
      <Filter>common</Filter>
    </ClInclude>
    <ClCompile Include="..\..\src\common\debug.cpp">
      <Filter>common</Filter>
    </ClCompile>
    <ClInclude Include="..\..\src\common\event_tracer.h">
      <Filter>common</Filter>
    </ClInclude>
    <ClInclude Include="..\..\src\common\version.h">
      <Filter>common</Filter>
    </ClInclude>
    <ClCompile Include="..\..\src\common\event_tracer.cpp">
      <Filter>common</Filter>
    </ClCompile>
    <ClInclude Include="..\..\src\common\commit.h">
      <Filter>common</Filter>
    </ClInclude>
    <ClCompile Include="..\..\src\common\RefCountObject.cpp">
      <Filter>common</Filter>
    </ClCompile>
    <ClInclude Include="..\..\src\common\angleutils.h">
      <Filter>common</Filter>
    </ClInclude>
    <ClCompile Include="..\..\src\compiler\translator\DirectiveHandler.cpp">
      <Filter>compiler\translator</Filter>
    </ClCompile>
    <ClInclude Include="..\..\src\compiler\translator\BaseTypes.h">
      <Filter>compiler\translator</Filter>
    </ClInclude>
    <ClInclude Include="..\..\src\compiler\translator\OutputESSL.h">
      <Filter>compiler\translator</Filter>
    </ClInclude>
    <ClCompile Include="..\..\src\compiler\translator\parseConst.cpp">
      <Filter>compiler\translator</Filter>
    </ClCompile>
    <ClCompile Include="..\..\src\compiler\translator\InfoSink.cpp">
      <Filter>compiler\translator</Filter>
    </ClCompile>
    <ClCompile Include="..\..\src\compiler\translator\OutputESSL.cpp">
      <Filter>compiler\translator</Filter>
    </ClCompile>
    <ClInclude Include="..\..\src\compiler\translator\RenameFunction.h">
      <Filter>compiler\translator</Filter>
    </ClInclude>
    <ClInclude Include="..\..\src\compiler\translator\compilerdebug.h">
      <Filter>compiler\translator</Filter>
    </ClInclude>
    <ClInclude Include="..\..\src\compiler\translator\SearchSymbol.h">
      <Filter>compiler\translator</Filter>
    </ClInclude>
    <ClInclude Include="..\..\src\compiler\translator\Common.h">
      <Filter>compiler\translator</Filter>
    </ClInclude>
    <ClInclude Include="..\..\src\compiler\translator\ValidateLimitations.h">
      <Filter>compiler\translator</Filter>
    </ClInclude>
    <ClInclude Include="..\..\src\compiler\translator\Types.h">
      <Filter>compiler\translator</Filter>
    </ClInclude>
    <ClInclude Include="..\..\src\compiler\translator\UnfoldShortCircuitAST.h">
      <Filter>compiler\translator</Filter>
    </ClInclude>
    <ClCompile Include="..\..\src\compiler\translator\ForLoopUnroll.cpp">
      <Filter>compiler\translator</Filter>
    </ClCompile>
    <ClInclude Include="..\..\src\compiler\translator\InfoSink.h">
      <Filter>compiler\translator</Filter>
    </ClInclude>
    <ClInclude Include="..\..\src\compiler\translator\RemoveTree.h">
      <Filter>compiler\translator</Filter>
    </ClInclude>
    <ClCompile Include="..\..\src\compiler\translator\ValidateLimitations.cpp">
      <Filter>compiler\translator</Filter>
    </ClCompile>
    <ClInclude Include="..\..\src\compiler\translator\util.h">
      <Filter>compiler\translator</Filter>
    </ClInclude>
    <ClInclude Include="..\..\src\compiler\translator\OutputGLSL.h">
      <Filter>compiler\translator</Filter>
    </ClInclude>
    <ClCompile Include="..\..\src\compiler\translator\BuiltInFunctionEmulator.cpp">
      <Filter>compiler\translator</Filter>
    </ClCompile>
    <ClInclude Include="..\..\src\compiler\translator\DetectCallDepth.h">
      <Filter>compiler\translator</Filter>
    </ClInclude>
    <None Include="..\..\src\compiler\translator\glslang.l">
      <Filter>compiler\translator</Filter>
    </None>
    <ClInclude Include="..\..\src\compiler\translator\VariablePacker.h">
      <Filter>compiler\translator</Filter>
    </ClInclude>
    <ClInclude Include="..\..\src\compiler\translator\glslang.h">
      <Filter>compiler\translator</Filter>
    </ClInclude>
    <ClCompile Include="..\..\src\compiler\translator\DetectCallDepth.cpp">
      <Filter>compiler\translator</Filter>
    </ClCompile>
    <ClCompile Include="..\..\src\compiler\translator\InitializeParseContext.cpp">
      <Filter>compiler\translator</Filter>
    </ClCompile>
    <ClCompile Include="..\..\src\compiler\translator\glslang_lex.cpp">
      <Filter>compiler\translator</Filter>
    </ClCompile>
    <ClCompile Include="..\..\src\compiler\translator\MapLongVariableNames.cpp">
      <Filter>compiler\translator</Filter>
    </ClCompile>
    <ClCompile Include="..\..\src\compiler\translator\OutputGLSL.cpp">
      <Filter>compiler\translator</Filter>
    </ClCompile>
    <ClCompile Include="..\..\src\compiler\translator\UnfoldShortCircuitAST.cpp">
      <Filter>compiler\translator</Filter>
    </ClCompile>
    <ClCompile Include="..\..\src\compiler\translator\Intermediate.cpp">
      <Filter>compiler\translator</Filter>
    </ClCompile>
    <ClCompile Include="..\..\src\compiler\translator\TranslatorESSL.cpp">
      <Filter>compiler\translator</Filter>
    </ClCompile>
    <ClCompile Include="..\..\src\compiler\translator\IntermTraverse.cpp">
      <Filter>compiler\translator</Filter>
    </ClCompile>
    <ClCompile Include="..\..\src\compiler\translator\TranslatorHLSL.cpp">
      <Filter>compiler\translator</Filter>
    </ClCompile>
    <ClInclude Include="..\..\src\compiler\translator\BuiltInFunctionEmulator.h">
      <Filter>compiler\translator</Filter>
    </ClInclude>
    <ClCompile Include="..\..\src\compiler\translator\OutputGLSLBase.cpp">
      <Filter>compiler\translator</Filter>
    </ClCompile>
    <ClCompile Include="..\..\src\compiler\translator\intermOut.cpp">
      <Filter>compiler\translator</Filter>
    </ClCompile>
    <ClInclude Include="..\..\src\compiler\translator\PoolAlloc.h">
      <Filter>compiler\translator</Filter>
    </ClInclude>
    <ClInclude Include="..\..\src\compiler\translator\Uniform.h">
      <Filter>compiler\translator</Filter>
    </ClInclude>
    <ClCompile Include="..\..\src\compiler\translator\SearchSymbol.cpp">
      <Filter>compiler\translator</Filter>
    </ClCompile>
    <ClCompile Include="..\..\src\compiler\translator\CodeGen.cpp">
      <Filter>compiler\translator</Filter>
    </ClCompile>
    <ClInclude Include="..\..\src\compiler\translator\DetectDiscontinuity.h">
      <Filter>compiler\translator</Filter>
    </ClInclude>
    <ClCompile Include="..\..\src\compiler\translator\ParseContext.cpp">
      <Filter>compiler\translator</Filter>
    </ClCompile>
    <ClCompile Include="..\..\src\compiler\translator\TranslatorGLSL.cpp">
      <Filter>compiler\translator</Filter>
    </ClCompile>
    <ClCompile Include="..\..\src\compiler\translator\RemoveTree.cpp">
      <Filter>compiler\translator</Filter>
    </ClCompile>
    <ClCompile Include="..\..\src\compiler\translator\SymbolTable.cpp">
      <Filter>compiler\translator</Filter>
    </ClCompile>
    <ClInclude Include="..\..\src\compiler\translator\UnfoldShortCircuit.h">
      <Filter>compiler\translator</Filter>
    </ClInclude>
    <ClInclude Include="..\..\src\compiler\translator\TranslatorGLSL.h">
      <Filter>compiler\translator</Filter>
    </ClInclude>
    <ClInclude Include="..\..\src\compiler\translator\SymbolTable.h">
      <Filter>compiler\translator</Filter>
    </ClInclude>
    <ClCompile Include="..\..\src\compiler\translator\InitializeDll.cpp">
      <Filter>compiler\translator</Filter>
    </ClCompile>
    <ClCompile Include="..\..\src\compiler\translator\PoolAlloc.cpp">
      <Filter>compiler\translator</Filter>
    </ClCompile>
    <ClInclude Include="..\..\src\compiler\translator\InitializeGlobals.h">
      <Filter>compiler\translator</Filter>
    </ClInclude>
    <ClInclude Include="..\..\src\compiler\translator\InitializeParseContext.h">
      <Filter>compiler\translator</Filter>
    </ClInclude>
    <ClInclude Include="..\..\src\compiler\translator\osinclude.h">
      <Filter>compiler\translator</Filter>
    </ClInclude>
    <ClInclude Include="..\..\src\compiler\translator\Initialize.h">
      <Filter>compiler\translator</Filter>
    </ClInclude>
    <ClCompile Include="..\..\src\compiler\translator\ossource_win.cpp">
      <Filter>compiler\translator</Filter>
    </ClCompile>
    <ClInclude Include="..\..\src\compiler\translator\OutputHLSL.h">
      <Filter>compiler\translator</Filter>
    </ClInclude>
    <ClInclude Include="..\..\src\compiler\translator\VariableInfo.h">
      <Filter>compiler\translator</Filter>
    </ClInclude>
    <ClCompile Include="..\..\src\compiler\translator\OutputHLSL.cpp">
      <Filter>compiler\translator</Filter>
    </ClCompile>
    <ClInclude Include="..\..\src\compiler\translator\QualifierAlive.h">
      <Filter>compiler\translator</Filter>
    </ClInclude>
    <ClInclude Include="..\..\src\compiler\translator\ConstantUnion.h">
      <Filter>compiler\translator</Filter>
    </ClInclude>
    <ClCompile Include="..\..\src\compiler\translator\Diagnostics.cpp">
      <Filter>compiler\translator</Filter>
    </ClCompile>
    <ClInclude Include="..\..\src\compiler\translator\ParseContext.h">
      <Filter>compiler\translator</Filter>
    </ClInclude>
    <ClCompile Include="..\..\src\compiler\translator\glslang_tab.cpp">
      <Filter>compiler\translator</Filter>
    </ClCompile>
    <ClCompile Include="..\..\src\compiler\translator\QualifierAlive.cpp">
      <Filter>compiler\translator</Filter>
    </ClCompile>
    <ClInclude Include="..\..\src\compiler\translator\Diagnostics.h">
      <Filter>compiler\translator</Filter>
    </ClInclude>
    <ClInclude Include="..\..\src\compiler\translator\VersionGLSL.h">
      <Filter>compiler\translator</Filter>
    </ClInclude>
    <ClInclude Include="..\..\src\compiler\translator\HashNames.h">
      <Filter>compiler\translator</Filter>
    </ClInclude>
    <ClCompile Include="..\..\src\compiler\translator\util.cpp">
      <Filter>compiler\translator</Filter>
    </ClCompile>
    <ClCompile Include="..\..\src\compiler\translator\ShaderLang.cpp">
      <Filter>compiler\translator</Filter>
    </ClCompile>
    <ClInclude Include="..\..\src\compiler\translator\DirectiveHandler.h">
      <Filter>compiler\translator</Filter>
    </ClInclude>
    <ClInclude Include="..\..\src\compiler\translator\NodeSearch.h">
      <Filter>compiler\translator</Filter>
    </ClInclude>
    <ClInclude Include="..\..\src\compiler\translator\TranslatorESSL.h">
      <Filter>compiler\translator</Filter>
    </ClInclude>
    <ClInclude Include="..\..\src\compiler\translator\MapLongVariableNames.h">
      <Filter>compiler\translator</Filter>
    </ClInclude>
    <ClInclude Include="..\..\src\compiler\translator\InitializeDll.h">
      <Filter>compiler\translator</Filter>
    </ClInclude>
    <ClInclude Include="..\..\src\compiler\translator\glslang_tab.h">
      <Filter>compiler\translator</Filter>
    </ClInclude>
    <ClCompile Include="..\..\src\compiler\translator\UnfoldShortCircuit.cpp">
      <Filter>compiler\translator</Filter>
    </ClCompile>
    <ClCompile Include="..\..\src\compiler\translator\InitializeGLPosition.cpp">
      <Filter>compiler\translator</Filter>
    </ClCompile>
    <None Include="..\..\src\compiler\translator\glslang.y">
      <Filter>compiler\translator</Filter>
    </None>
    <ClInclude Include="..\..\src\compiler\translator\MMap.h">
      <Filter>compiler\translator</Filter>
    </ClInclude>
    <ClCompile Include="..\..\src\compiler\translator\Compiler.cpp">
      <Filter>compiler\translator</Filter>
    </ClCompile>
    <ClCompile Include="..\..\src\compiler\translator\compilerdebug.cpp">
      <Filter>compiler\translator</Filter>
    </ClCompile>
    <ClInclude Include="..\..\src\compiler\translator\localintermediate.h">
      <Filter>compiler\translator</Filter>
    </ClInclude>
    <ClInclude Include="..\..\src\compiler\translator\ShHandle.h">
      <Filter>compiler\translator</Filter>
    </ClInclude>
    <ClInclude Include="..\..\src\compiler\translator\OutputGLSLBase.h">
      <Filter>compiler\translator</Filter>
    </ClInclude>
    <ClInclude Include="..\..\src\compiler\translator\ForLoopUnroll.h">
      <Filter>compiler\translator</Filter>
    </ClInclude>
    <ClInclude Include="..\..\src\compiler\translator\InitializeGLPosition.h">
      <Filter>compiler\translator</Filter>
    </ClInclude>
    <ClCompile Include="..\..\src\compiler\translator\Uniform.cpp">
      <Filter>compiler\translator</Filter>
    </ClCompile>
    <ClInclude Include="..\..\src\compiler\translator\ExtensionBehavior.h">
      <Filter>compiler\translator</Filter>
    </ClInclude>
    <ClCompile Include="..\..\src\compiler\translator\VariableInfo.cpp">
      <Filter>compiler\translator</Filter>
    </ClCompile>
    <ClInclude Include="..\..\src\compiler\translator\Pragma.h">
      <Filter>compiler\translator</Filter>
    </ClInclude>
    <ClInclude Include="..\..\src\compiler\translator\intermediate.h">
      <Filter>compiler\translator</Filter>
    </ClInclude>
    <ClCompile Include="..\..\src\compiler\translator\DetectDiscontinuity.cpp">
      <Filter>compiler\translator</Filter>
    </ClCompile>
    <ClCompile Include="..\..\src\compiler\translator\VariablePacker.cpp">
      <Filter>compiler\translator</Filter>
    </ClCompile>
    <ClCompile Include="..\..\src\compiler\translator\VersionGLSL.cpp">
      <Filter>compiler\translator</Filter>
    </ClCompile>
    <ClCompile Include="..\..\src\compiler\translator\Initialize.cpp">
      <Filter>compiler\translator</Filter>
    </ClCompile>
    <ClInclude Include="..\..\src\compiler\translator\TranslatorHLSL.h">
      <Filter>compiler\translator</Filter>
    </ClInclude>
    <ClCompile Include="..\..\src\compiler\translator\ossource_posix.cpp">
      <Filter>compiler\translator\_excluded_files</Filter>
    </ClCompile>
    <ClCompile Include="..\..\src\compiler\translator\timing\RestrictVertexShaderTiming.cpp">
      <Filter>compiler\translator\timing</Filter>
    </ClCompile>
    <ClInclude Include="..\..\src\compiler\translator\timing\RestrictVertexShaderTiming.h">
      <Filter>compiler\translator\timing</Filter>
    </ClInclude>
    <ClInclude Include="..\..\src\compiler\translator\timing\RestrictFragmentShaderTiming.h">
      <Filter>compiler\translator\timing</Filter>
    </ClInclude>
    <ClCompile Include="..\..\src\compiler\translator\timing\RestrictFragmentShaderTiming.cpp">
      <Filter>compiler\translator\timing</Filter>
    </ClCompile>
    <ClCompile Include="..\..\src\compiler\translator\depgraph\DependencyGraphTraverse.cpp">
      <Filter>compiler\translator\depgraph</Filter>
    </ClCompile>
    <ClInclude Include="..\..\src\compiler\translator\depgraph\DependencyGraph.h">
      <Filter>compiler\translator\depgraph</Filter>
    </ClInclude>
    <ClInclude Include="..\..\src\compiler\translator\depgraph\DependencyGraphOutput.h">
      <Filter>compiler\translator\depgraph</Filter>
    </ClInclude>
    <ClInclude Include="..\..\src\compiler\translator\depgraph\DependencyGraphBuilder.h">
      <Filter>compiler\translator\depgraph</Filter>
    </ClInclude>
    <ClCompile Include="..\..\src\compiler\translator\depgraph\DependencyGraph.cpp">
      <Filter>compiler\translator\depgraph</Filter>
    </ClCompile>
    <ClCompile Include="..\..\src\compiler\translator\depgraph\DependencyGraphBuilder.cpp">
      <Filter>compiler\translator\depgraph</Filter>
    </ClCompile>
    <ClCompile Include="..\..\src\compiler\translator\depgraph\DependencyGraphOutput.cpp">
      <Filter>compiler\translator\depgraph</Filter>
    </ClCompile>
  </ItemGroup>
</Project>
