Microsoft Visual Studio Solution File, Format Version 11.00
# Visual Studio 2010
Project("{8BC9CEB8-8B4A-11D0-8D11-00A0C91BC942}") = "libEGL", "libEGL.vcxproj", "{777AC703-C49D-E67C-F2EA-2BEDE272A25F}"
	ProjectSection(ProjectDependencies) = postProject
		{D5D676ED-C189-2A6B-8DE3-F4CA6175550F} = {D5D676ED-C189-2A6B-8DE3-F4CA6175550F}
	EndProjectSection
EndProject
Project("{8BC9CEB8-8B4A-11D0-8D11-00A0C91BC942}") = "libGLESv2", "libGLESv2.vcxproj", "{D5D676ED-C189-2A6B-8DE3-F4CA6175550F}"
	ProjectSection(ProjectDependencies) = postProject
		{65BE9C8A-0FF1-A4B7-C81E-43801F64E13D} = {65BE9C8A-0FF1-A4B7-C81E-43801F64E13D}
		{7642CFD5-F187-3E3F-F8FF-859949B9F13E} = {7642CFD5-F187-3E3F-F8FF-859949B9F13E}
	EndProjectSection
EndProject
Project("{8BC9CEB8-8B4A-11D0-8D11-00A0C91BC942}") = "preprocessor", "preprocessor.vcxproj", "{7642CFD5-F187-3E3F-F8FF-859949B9F13E}"
EndProject
Project("{8BC9CEB8-8B4A-11D0-8D11-00A0C91BC942}") = "translator", "translator.vcxproj", "{6AC42CF5-8088-F4BE-7C3D-1BD1BD440FCC}"
EndProject
Project("{8BC9CEB8-8B4A-11D0-8D11-00A0C91BC942}") = "translator_static", "translator_static.vcxproj", "{65BE9C8A-0FF1-A4B7-C81E-43801F64E13D}"
EndProject
Global
	GlobalSection(SolutionConfigurationPlatforms) = preSolution
		Debug|Win32 = Debug|Win32
		Release|Win32 = Release|Win32
	EndGlobalSection
	GlobalSection(ProjectConfigurationPlatforms) = postSolution
		{65BE9C8A-0FF1-A4B7-C81E-43801F64E13D}.Debug|Win32.ActiveCfg = Debug|Win32
		{65BE9C8A-0FF1-A4B7-C81E-43801F64E13D}.Debug|Win32.Build.0 = Debug|Win32
		{65BE9C8A-0FF1-A4B7-C81E-43801F64E13D}.Release|Win32.ActiveCfg = Release|Win32
		{65BE9C8A-0FF1-A4B7-C81E-43801F64E13D}.Release|Win32.Build.0 = Release|Win32
		{6AC42CF5-8088-F4BE-7C3D-1BD1BD440FCC}.Debug|Win32.ActiveCfg = Debug|Win32
		{6AC42CF5-8088-F4BE-7C3D-1BD1BD440FCC}.Debug|Win32.Build.0 = Debug|Win32
		{6AC42CF5-8088-F4BE-7C3D-1BD1BD440FCC}.Release|Win32.ActiveCfg = Release|Win32
		{6AC42CF5-8088-F4BE-7C3D-1BD1BD440FCC}.Release|Win32.Build.0 = Release|Win32
		{7642CFD5-F187-3E3F-F8FF-859949B9F13E}.Debug|Win32.ActiveCfg = Debug|Win32
		{7642CFD5-F187-3E3F-F8FF-859949B9F13E}.Debug|Win32.Build.0 = Debug|Win32
		{7642CFD5-F187-3E3F-F8FF-859949B9F13E}.Release|Win32.ActiveCfg = Release|Win32
		{7642CFD5-F187-3E3F-F8FF-859949B9F13E}.Release|Win32.Build.0 = Release|Win32
		{777AC703-C49D-E67C-F2EA-2BEDE272A25F}.Debug|Win32.ActiveCfg = Debug|Win32
		{777AC703-C49D-E67C-F2EA-2BEDE272A25F}.Debug|Win32.Build.0 = Debug|Win32
		{777AC703-C49D-E67C-F2EA-2BEDE272A25F}.Release|Win32.ActiveCfg = Release|Win32
		{777AC703-C49D-E67C-F2EA-2BEDE272A25F}.Release|Win32.Build.0 = Release|Win32
		{D5D676ED-C189-2A6B-8DE3-F4CA6175550F}.Debug|Win32.ActiveCfg = Debug|Win32
		{D5D676ED-C189-2A6B-8DE3-F4CA6175550F}.Debug|Win32.Build.0 = Debug|Win32
		{D5D676ED-C189-2A6B-8DE3-F4CA6175550F}.Release|Win32.ActiveCfg = Release|Win32
		{D5D676ED-C189-2A6B-8DE3-F4CA6175550F}.Release|Win32.Build.0 = Release|Win32
	EndGlobalSection
	GlobalSection(SolutionProperties) = preSolution
		HideSolutionNode = FALSE
	EndGlobalSection
	GlobalSection(NestedProjects) = preSolution
	EndGlobalSection
EndGlobal
